PODS:
  - GRDB.swift (6.24.1):
    - GRDB.swift/standard (= 6.24.1)
  - GRDB.swift/standard (6.24.1)
  - HeloBleLib (1.0.3):
    - GRDB.swift
    - SwiftProtobuf
  - SnapKit (5.7.1)
  - SwiftProtobuf (1.26.0)

DEPENDENCIES:
  - HeloBleLib (from `https://github.com/zhuhon0821/HeloBleLib.git`)
  - SnapKit

SPEC REPOS:
  trunk:
    - GRDB.swift
    - SnapKit
    - SwiftProtobuf

EXTERNAL SOURCES:
  HeloBleLib:
    :git: https://github.com/zhuhon0821/HeloBleLib.git

CHECKOUT OPTIONS:
  HeloBleLib:
    :commit: 848240f06d3eeb20b1ccbf75f654923fe46b2b47
    :git: https://github.com/zhuhon0821/HeloBleLib.git

SPEC CHECKSUMS:
  GRDB.swift: 136dcb5d8dddca50aae3ba7d77475f79e7232cd8
  HeloBleLib: dce44f4e9a589fd39e1dd42c4937fcc7e90157d6
  SnapKit: d612e99e678a2d3b95bf60b0705ed0a35c03484a
  SwiftProtobuf: 5e8349171e7c2f88f5b9e683cb3cb79d1dc780b3

PODFILE CHECKSUM: a4406810386989948effe669b971372b1e717107

COCOAPODS: 1.15.2
