// !$*UTF8*$!
{
	archiveVersion = 1;
	classes = {
	};
	objectVersion = 56;
	objects = {

/* Begin PBXBuildFile section */
		CC80D6992BCCC5CA00AEEF74 /* dataModel.swift in Sources */ = {isa = PBXBuildFile; fileRef = CC80D6982BCCC5CA00AEEF74 /* dataModel.swift */; };
		CC97B5042BC93A6600DD0ABD /* BleDeviceCollectionViewCell.swift in Sources */ = {isa = PBXBuildFile; fileRef = CC97B5032BC93A6600DD0ABD /* BleDeviceCollectionViewCell.swift */; };
		CCE412472BC510E60082F84F /* AppDelegate.swift in Sources */ = {isa = PBXBuildFile; fileRef = CCE412462BC510E60082F84F /* AppDelegate.swift */; };
		CCE412502BC510EA0082F84F /* Assets.xcassets in Resources */ = {isa = PBXBuildFile; fileRef = CCE4124F2BC510EA0082F84F /* Assets.xcassets */; };
		CCE412532BC510EA0082F84F /* LaunchScreen.storyboard in Resources */ = {isa = PBXBuildFile; fileRef = CCE412512BC510EA0082F84F /* LaunchScreen.storyboard */; };
		CCE412612BC512B60082F84F /* HomeViewController.swift in Sources */ = {isa = PBXBuildFile; fileRef = CCE412602BC512B50082F84F /* HomeViewController.swift */; };
		F73893F6FFD8A138A7AB26D6 /* Pods_HeloBleDemo.framework in Frameworks */ = {isa = PBXBuildFile; fileRef = D42B7346FE4EFA3BB23E8558 /* Pods_HeloBleDemo.framework */; };
/* End PBXBuildFile section */

/* Begin PBXFileReference section */
		11D720281ADAD1C6B0A93984 /* Pods-HeloBleDemo.release.xcconfig */ = {isa = PBXFileReference; includeInIndex = 1; lastKnownFileType = text.xcconfig; name = "Pods-HeloBleDemo.release.xcconfig"; path = "Target Support Files/Pods-HeloBleDemo/Pods-HeloBleDemo.release.xcconfig"; sourceTree = "<group>"; };
		82D311C8B9DCA8B9B6197CD2 /* Pods-HeloBleDemo.debug.xcconfig */ = {isa = PBXFileReference; includeInIndex = 1; lastKnownFileType = text.xcconfig; name = "Pods-HeloBleDemo.debug.xcconfig"; path = "Target Support Files/Pods-HeloBleDemo/Pods-HeloBleDemo.debug.xcconfig"; sourceTree = "<group>"; };
		CC80D6982BCCC5CA00AEEF74 /* dataModel.swift */ = {isa = PBXFileReference; lastKnownFileType = sourcecode.swift; path = dataModel.swift; sourceTree = "<group>"; };
		CC97B5032BC93A6600DD0ABD /* BleDeviceCollectionViewCell.swift */ = {isa = PBXFileReference; lastKnownFileType = sourcecode.swift; path = BleDeviceCollectionViewCell.swift; sourceTree = "<group>"; };
		CCE412432BC510E60082F84F /* HeloBleDemo.app */ = {isa = PBXFileReference; explicitFileType = wrapper.application; includeInIndex = 0; path = HeloBleDemo.app; sourceTree = BUILT_PRODUCTS_DIR; };
		CCE412462BC510E60082F84F /* AppDelegate.swift */ = {isa = PBXFileReference; lastKnownFileType = sourcecode.swift; path = AppDelegate.swift; sourceTree = "<group>"; };
		CCE4124F2BC510EA0082F84F /* Assets.xcassets */ = {isa = PBXFileReference; lastKnownFileType = folder.assetcatalog; path = Assets.xcassets; sourceTree = "<group>"; };
		CCE412522BC510EA0082F84F /* Base */ = {isa = PBXFileReference; lastKnownFileType = file.storyboard; name = Base; path = Base.lproj/LaunchScreen.storyboard; sourceTree = "<group>"; };
		CCE412542BC510EA0082F84F /* Info.plist */ = {isa = PBXFileReference; lastKnownFileType = text.plist.xml; path = Info.plist; sourceTree = "<group>"; };
		CCE412602BC512B50082F84F /* HomeViewController.swift */ = {isa = PBXFileReference; lastKnownFileType = sourcecode.swift; path = HomeViewController.swift; sourceTree = "<group>"; };
		D42B7346FE4EFA3BB23E8558 /* Pods_HeloBleDemo.framework */ = {isa = PBXFileReference; explicitFileType = wrapper.framework; includeInIndex = 0; path = Pods_HeloBleDemo.framework; sourceTree = BUILT_PRODUCTS_DIR; };
/* End PBXFileReference section */

/* Begin PBXFrameworksBuildPhase section */
		CCE412402BC510E60082F84F /* Frameworks */ = {
			isa = PBXFrameworksBuildPhase;
			buildActionMask = 2147483647;
			files = (
				F73893F6FFD8A138A7AB26D6 /* Pods_HeloBleDemo.framework in Frameworks */,
			);
			runOnlyForDeploymentPostprocessing = 0;
		};
/* End PBXFrameworksBuildPhase section */

/* Begin PBXGroup section */
		0249C7CCAB9BAD44AD757D07 /* Frameworks */ = {
			isa = PBXGroup;
			children = (
				D42B7346FE4EFA3BB23E8558 /* Pods_HeloBleDemo.framework */,
			);
			name = Frameworks;
			sourceTree = "<group>";
		};
		7C0C10C84BC85A2BE02AA29E /* Pods */ = {
			isa = PBXGroup;
			children = (
				82D311C8B9DCA8B9B6197CD2 /* Pods-HeloBleDemo.debug.xcconfig */,
				11D720281ADAD1C6B0A93984 /* Pods-HeloBleDemo.release.xcconfig */,
			);
			path = Pods;
			sourceTree = "<group>";
		};
		CC97B5002BC93A1900DD0ABD /* controller */ = {
			isa = PBXGroup;
			children = (
				CCE412602BC512B50082F84F /* HomeViewController.swift */,
			);
			path = controller;
			sourceTree = "<group>";
		};
		CC97B5012BC93A2900DD0ABD /* view */ = {
			isa = PBXGroup;
			children = (
				CC97B5032BC93A6600DD0ABD /* BleDeviceCollectionViewCell.swift */,
			);
			path = view;
			sourceTree = "<group>";
		};
		CC97B5022BC93A3300DD0ABD /* mode */ = {
			isa = PBXGroup;
			children = (
				CC80D6982BCCC5CA00AEEF74 /* dataModel.swift */,
			);
			path = mode;
			sourceTree = "<group>";
		};
		CCE4123A2BC510E60082F84F = {
			isa = PBXGroup;
			children = (
				CCE412452BC510E60082F84F /* HeloBleDemo */,
				CCE412442BC510E60082F84F /* Products */,
				7C0C10C84BC85A2BE02AA29E /* Pods */,
				0249C7CCAB9BAD44AD757D07 /* Frameworks */,
			);
			sourceTree = "<group>";
		};
		CCE412442BC510E60082F84F /* Products */ = {
			isa = PBXGroup;
			children = (
				CCE412432BC510E60082F84F /* HeloBleDemo.app */,
			);
			name = Products;
			sourceTree = "<group>";
		};
		CCE412452BC510E60082F84F /* HeloBleDemo */ = {
			isa = PBXGroup;
			children = (
				CCE412462BC510E60082F84F /* AppDelegate.swift */,
				CC97B5022BC93A3300DD0ABD /* mode */,
				CC97B5012BC93A2900DD0ABD /* view */,
				CC97B5002BC93A1900DD0ABD /* controller */,
				CCE4124F2BC510EA0082F84F /* Assets.xcassets */,
				CCE412512BC510EA0082F84F /* LaunchScreen.storyboard */,
				CCE412542BC510EA0082F84F /* Info.plist */,
			);
			path = HeloBleDemo;
			sourceTree = "<group>";
		};
/* End PBXGroup section */

/* Begin PBXNativeTarget section */
		CCE412422BC510E60082F84F /* HeloBleDemo */ = {
			isa = PBXNativeTarget;
			buildConfigurationList = CCE412572BC510EA0082F84F /* Build configuration list for PBXNativeTarget "HeloBleDemo" */;
			buildPhases = (
				B58399DFE6CE0E6616529F10 /* [CP] Check Pods Manifest.lock */,
				CCE4123F2BC510E60082F84F /* Sources */,
				CCE412402BC510E60082F84F /* Frameworks */,
				CCE412412BC510E60082F84F /* Resources */,
				4B9564B83BFCFD8BD80C2DFE /* [CP] Embed Pods Frameworks */,
			);
			buildRules = (
			);
			dependencies = (
			);
			name = HeloBleDemo;
			productName = HeloBleDemo;
			productReference = CCE412432BC510E60082F84F /* HeloBleDemo.app */;
			productType = "com.apple.product-type.application";
		};
/* End PBXNativeTarget section */

/* Begin PBXProject section */
		CCE4123B2BC510E60082F84F /* Project object */ = {
			isa = PBXProject;
			attributes = {
				BuildIndependentTargetsInParallel = 1;
				LastSwiftUpdateCheck = 1500;
				LastUpgradeCheck = 1500;
				TargetAttributes = {
					CCE412422BC510E60082F84F = {
						CreatedOnToolsVersion = 15.0.1;
					};
				};
			};
			buildConfigurationList = CCE4123E2BC510E60082F84F /* Build configuration list for PBXProject "HeloBleDemo" */;
			compatibilityVersion = "Xcode 14.0";
			developmentRegion = en;
			hasScannedForEncodings = 0;
			knownRegions = (
				en,
				Base,
			);
			mainGroup = CCE4123A2BC510E60082F84F;
			productRefGroup = CCE412442BC510E60082F84F /* Products */;
			projectDirPath = "";
			projectRoot = "";
			targets = (
				CCE412422BC510E60082F84F /* HeloBleDemo */,
			);
		};
/* End PBXProject section */

/* Begin PBXResourcesBuildPhase section */
		CCE412412BC510E60082F84F /* Resources */ = {
			isa = PBXResourcesBuildPhase;
			buildActionMask = 2147483647;
			files = (
				CCE412532BC510EA0082F84F /* LaunchScreen.storyboard in Resources */,
				CCE412502BC510EA0082F84F /* Assets.xcassets in Resources */,
			);
			runOnlyForDeploymentPostprocessing = 0;
		};
/* End PBXResourcesBuildPhase section */

/* Begin PBXShellScriptBuildPhase section */
		4B9564B83BFCFD8BD80C2DFE /* [CP] Embed Pods Frameworks */ = {
			isa = PBXShellScriptBuildPhase;
			buildActionMask = 2147483647;
			files = (
			);
			inputFileListPaths = (
				"${PODS_ROOT}/Target Support Files/Pods-HeloBleDemo/Pods-HeloBleDemo-frameworks-${CONFIGURATION}-input-files.xcfilelist",
			);
			name = "[CP] Embed Pods Frameworks";
			outputFileListPaths = (
				"${PODS_ROOT}/Target Support Files/Pods-HeloBleDemo/Pods-HeloBleDemo-frameworks-${CONFIGURATION}-output-files.xcfilelist",
			);
			runOnlyForDeploymentPostprocessing = 0;
			shellPath = /bin/sh;
			shellScript = "\"${PODS_ROOT}/Target Support Files/Pods-HeloBleDemo/Pods-HeloBleDemo-frameworks.sh\"\n";
			showEnvVarsInLog = 0;
		};
		B58399DFE6CE0E6616529F10 /* [CP] Check Pods Manifest.lock */ = {
			isa = PBXShellScriptBuildPhase;
			buildActionMask = 2147483647;
			files = (
			);
			inputFileListPaths = (
			);
			inputPaths = (
				"${PODS_PODFILE_DIR_PATH}/Podfile.lock",
				"${PODS_ROOT}/Manifest.lock",
			);
			name = "[CP] Check Pods Manifest.lock";
			outputFileListPaths = (
			);
			outputPaths = (
				"$(DERIVED_FILE_DIR)/Pods-HeloBleDemo-checkManifestLockResult.txt",
			);
			runOnlyForDeploymentPostprocessing = 0;
			shellPath = /bin/sh;
			shellScript = "diff \"${PODS_PODFILE_DIR_PATH}/Podfile.lock\" \"${PODS_ROOT}/Manifest.lock\" > /dev/null\nif [ $? != 0 ] ; then\n    # print error to STDERR\n    echo \"error: The sandbox is not in sync with the Podfile.lock. Run 'pod install' or update your CocoaPods installation.\" >&2\n    exit 1\nfi\n# This output is used by Xcode 'outputs' to avoid re-running this script phase.\necho \"SUCCESS\" > \"${SCRIPT_OUTPUT_FILE_0}\"\n";
			showEnvVarsInLog = 0;
		};
/* End PBXShellScriptBuildPhase section */

/* Begin PBXSourcesBuildPhase section */
		CCE4123F2BC510E60082F84F /* Sources */ = {
			isa = PBXSourcesBuildPhase;
			buildActionMask = 2147483647;
			files = (
				CCE412472BC510E60082F84F /* AppDelegate.swift in Sources */,
				CC80D6992BCCC5CA00AEEF74 /* dataModel.swift in Sources */,
				CC97B5042BC93A6600DD0ABD /* BleDeviceCollectionViewCell.swift in Sources */,
				CCE412612BC512B60082F84F /* HomeViewController.swift in Sources */,
			);
			runOnlyForDeploymentPostprocessing = 0;
		};
/* End PBXSourcesBuildPhase section */

/* Begin PBXVariantGroup section */
		CCE412512BC510EA0082F84F /* LaunchScreen.storyboard */ = {
			isa = PBXVariantGroup;
			children = (
				CCE412522BC510EA0082F84F /* Base */,
			);
			name = LaunchScreen.storyboard;
			sourceTree = "<group>";
		};
/* End PBXVariantGroup section */

/* Begin XCBuildConfiguration section */
		CCE412552BC510EA0082F84F /* Debug */ = {
			isa = XCBuildConfiguration;
			buildSettings = {
				ALWAYS_SEARCH_USER_PATHS = NO;
				ASSETCATALOG_COMPILER_GENERATE_SWIFT_ASSET_SYMBOL_EXTENSIONS = YES;
				CLANG_ANALYZER_NONNULL = YES;
				CLANG_ANALYZER_NUMBER_OBJECT_CONVERSION = YES_AGGRESSIVE;
				CLANG_CXX_LANGUAGE_STANDARD = "gnu++20";
				CLANG_ENABLE_MODULES = YES;
				CLANG_ENABLE_OBJC_ARC = YES;
				CLANG_ENABLE_OBJC_WEAK = YES;
				CLANG_WARN_BLOCK_CAPTURE_AUTORELEASING = YES;
				CLANG_WARN_BOOL_CONVERSION = YES;
				CLANG_WARN_COMMA = YES;
				CLANG_WARN_CONSTANT_CONVERSION = YES;
				CLANG_WARN_DEPRECATED_OBJC_IMPLEMENTATIONS = YES;
				CLANG_WARN_DIRECT_OBJC_ISA_USAGE = YES_ERROR;
				CLANG_WARN_DOCUMENTATION_COMMENTS = YES;
				CLANG_WARN_EMPTY_BODY = YES;
				CLANG_WARN_ENUM_CONVERSION = YES;
				CLANG_WARN_INFINITE_RECURSION = YES;
				CLANG_WARN_INT_CONVERSION = YES;
				CLANG_WARN_NON_LITERAL_NULL_CONVERSION = YES;
				CLANG_WARN_OBJC_IMPLICIT_RETAIN_SELF = YES;
				CLANG_WARN_OBJC_LITERAL_CONVERSION = YES;
				CLANG_WARN_OBJC_ROOT_CLASS = YES_ERROR;
				CLANG_WARN_QUOTED_INCLUDE_IN_FRAMEWORK_HEADER = YES;
				CLANG_WARN_RANGE_LOOP_ANALYSIS = YES;
				CLANG_WARN_STRICT_PROTOTYPES = YES;
				CLANG_WARN_SUSPICIOUS_MOVE = YES;
				CLANG_WARN_UNGUARDED_AVAILABILITY = YES_AGGRESSIVE;
				CLANG_WARN_UNREACHABLE_CODE = YES;
				CLANG_WARN__DUPLICATE_METHOD_MATCH = YES;
				COPY_PHASE_STRIP = NO;
				DEBUG_INFORMATION_FORMAT = dwarf;
				ENABLE_STRICT_OBJC_MSGSEND = YES;
				ENABLE_TESTABILITY = YES;
				ENABLE_USER_SCRIPT_SANDBOXING = YES;
				GCC_C_LANGUAGE_STANDARD = gnu17;
				GCC_DYNAMIC_NO_PIC = NO;
				GCC_NO_COMMON_BLOCKS = YES;
				GCC_OPTIMIZATION_LEVEL = 0;
				GCC_PREPROCESSOR_DEFINITIONS = (
					"DEBUG=1",
					"$(inherited)",
				);
				GCC_WARN_64_TO_32_BIT_CONVERSION = YES;
				GCC_WARN_ABOUT_RETURN_TYPE = YES_ERROR;
				GCC_WARN_UNDECLARED_SELECTOR = YES;
				GCC_WARN_UNINITIALIZED_AUTOS = YES_AGGRESSIVE;
				GCC_WARN_UNUSED_FUNCTION = YES;
				GCC_WARN_UNUSED_VARIABLE = YES;
				IPHONEOS_DEPLOYMENT_TARGET = 17.0;
				LOCALIZATION_PREFERS_STRING_CATALOGS = YES;
				MTL_ENABLE_DEBUG_INFO = INCLUDE_SOURCE;
				MTL_FAST_MATH = YES;
				ONLY_ACTIVE_ARCH = YES;
				SDKROOT = iphoneos;
				SWIFT_ACTIVE_COMPILATION_CONDITIONS = "DEBUG $(inherited)";
				SWIFT_OPTIMIZATION_LEVEL = "-Onone";
			};
			name = Debug;
		};
		CCE412562BC510EA0082F84F /* Release */ = {
			isa = XCBuildConfiguration;
			buildSettings = {
				ALWAYS_SEARCH_USER_PATHS = NO;
				ASSETCATALOG_COMPILER_GENERATE_SWIFT_ASSET_SYMBOL_EXTENSIONS = YES;
				CLANG_ANALYZER_NONNULL = YES;
				CLANG_ANALYZER_NUMBER_OBJECT_CONVERSION = YES_AGGRESSIVE;
				CLANG_CXX_LANGUAGE_STANDARD = "gnu++20";
				CLANG_ENABLE_MODULES = YES;
				CLANG_ENABLE_OBJC_ARC = YES;
				CLANG_ENABLE_OBJC_WEAK = YES;
				CLANG_WARN_BLOCK_CAPTURE_AUTORELEASING = YES;
				CLANG_WARN_BOOL_CONVERSION = YES;
				CLANG_WARN_COMMA = YES;
				CLANG_WARN_CONSTANT_CONVERSION = YES;
				CLANG_WARN_DEPRECATED_OBJC_IMPLEMENTATIONS = YES;
				CLANG_WARN_DIRECT_OBJC_ISA_USAGE = YES_ERROR;
				CLANG_WARN_DOCUMENTATION_COMMENTS = YES;
				CLANG_WARN_EMPTY_BODY = YES;
				CLANG_WARN_ENUM_CONVERSION = YES;
				CLANG_WARN_INFINITE_RECURSION = YES;
				CLANG_WARN_INT_CONVERSION = YES;
				CLANG_WARN_NON_LITERAL_NULL_CONVERSION = YES;
				CLANG_WARN_OBJC_IMPLICIT_RETAIN_SELF = YES;
				CLANG_WARN_OBJC_LITERAL_CONVERSION = YES;
				CLANG_WARN_OBJC_ROOT_CLASS = YES_ERROR;
				CLANG_WARN_QUOTED_INCLUDE_IN_FRAMEWORK_HEADER = YES;
				CLANG_WARN_RANGE_LOOP_ANALYSIS = YES;
				CLANG_WARN_STRICT_PROTOTYPES = YES;
				CLANG_WARN_SUSPICIOUS_MOVE = YES;
				CLANG_WARN_UNGUARDED_AVAILABILITY = YES_AGGRESSIVE;
				CLANG_WARN_UNREACHABLE_CODE = YES;
				CLANG_WARN__DUPLICATE_METHOD_MATCH = YES;
				COPY_PHASE_STRIP = NO;
				DEBUG_INFORMATION_FORMAT = "dwarf-with-dsym";
				ENABLE_NS_ASSERTIONS = NO;
				ENABLE_STRICT_OBJC_MSGSEND = YES;
				ENABLE_USER_SCRIPT_SANDBOXING = YES;
				GCC_C_LANGUAGE_STANDARD = gnu17;
				GCC_NO_COMMON_BLOCKS = YES;
				GCC_WARN_64_TO_32_BIT_CONVERSION = YES;
				GCC_WARN_ABOUT_RETURN_TYPE = YES_ERROR;
				GCC_WARN_UNDECLARED_SELECTOR = YES;
				GCC_WARN_UNINITIALIZED_AUTOS = YES_AGGRESSIVE;
				GCC_WARN_UNUSED_FUNCTION = YES;
				GCC_WARN_UNUSED_VARIABLE = YES;
				IPHONEOS_DEPLOYMENT_TARGET = 17.0;
				LOCALIZATION_PREFERS_STRING_CATALOGS = YES;
				MTL_ENABLE_DEBUG_INFO = NO;
				MTL_FAST_MATH = YES;
				SDKROOT = iphoneos;
				SWIFT_COMPILATION_MODE = wholemodule;
				VALIDATE_PRODUCT = YES;
			};
			name = Release;
		};
		CCE412582BC510EA0082F84F /* Debug */ = {
			isa = XCBuildConfiguration;
			baseConfigurationReference = 82D311C8B9DCA8B9B6197CD2 /* Pods-HeloBleDemo.debug.xcconfig */;
			buildSettings = {
				ASSETCATALOG_COMPILER_APPICON_NAME = AppIcon;
				ASSETCATALOG_COMPILER_GLOBAL_ACCENT_COLOR_NAME = AccentColor;
				CODE_SIGN_STYLE = Automatic;
				CURRENT_PROJECT_VERSION = 1;
				DEVELOPMENT_TEAM = 568XKG2E4W;
				ENABLE_USER_SCRIPT_SANDBOXING = NO;
				GENERATE_INFOPLIST_FILE = YES;
				INFOPLIST_FILE = HeloBleDemo/Info.plist;
				INFOPLIST_KEY_UIApplicationSupportsIndirectInputEvents = YES;
				INFOPLIST_KEY_UILaunchStoryboardName = LaunchScreen.storyboard;
				INFOPLIST_KEY_UISupportedInterfaceOrientations_iPad = "UIInterfaceOrientationPortrait UIInterfaceOrientationPortraitUpsideDown UIInterfaceOrientationLandscapeLeft UIInterfaceOrientationLandscapeRight";
				INFOPLIST_KEY_UISupportedInterfaceOrientations_iPhone = "UIInterfaceOrientationPortrait UIInterfaceOrientationLandscapeLeft UIInterfaceOrientationLandscapeRight";
				IPHONEOS_DEPLOYMENT_TARGET = 12.0;
				LD_RUNPATH_SEARCH_PATHS = (
					"$(inherited)",
					"@executable_path/Frameworks",
				);
				MARKETING_VERSION = 1.0;
				PRODUCT_BUNDLE_IDENTIFIER = HELO.HeloBleDemo;
				PRODUCT_NAME = "$(TARGET_NAME)";
				SWIFT_EMIT_LOC_STRINGS = YES;
				SWIFT_VERSION = 5.0;
				TARGETED_DEVICE_FAMILY = "1,2";
			};
			name = Debug;
		};
		CCE412592BC510EA0082F84F /* Release */ = {
			isa = XCBuildConfiguration;
			baseConfigurationReference = 11D720281ADAD1C6B0A93984 /* Pods-HeloBleDemo.release.xcconfig */;
			buildSettings = {
				ASSETCATALOG_COMPILER_APPICON_NAME = AppIcon;
				ASSETCATALOG_COMPILER_GLOBAL_ACCENT_COLOR_NAME = AccentColor;
				CODE_SIGN_STYLE = Automatic;
				CURRENT_PROJECT_VERSION = 1;
				DEVELOPMENT_TEAM = 568XKG2E4W;
				ENABLE_USER_SCRIPT_SANDBOXING = NO;
				GENERATE_INFOPLIST_FILE = YES;
				INFOPLIST_FILE = HeloBleDemo/Info.plist;
				INFOPLIST_KEY_UIApplicationSupportsIndirectInputEvents = YES;
				INFOPLIST_KEY_UILaunchStoryboardName = LaunchScreen.storyboard;
				INFOPLIST_KEY_UISupportedInterfaceOrientations_iPad = "UIInterfaceOrientationPortrait UIInterfaceOrientationPortraitUpsideDown UIInterfaceOrientationLandscapeLeft UIInterfaceOrientationLandscapeRight";
				INFOPLIST_KEY_UISupportedInterfaceOrientations_iPhone = "UIInterfaceOrientationPortrait UIInterfaceOrientationLandscapeLeft UIInterfaceOrientationLandscapeRight";
				IPHONEOS_DEPLOYMENT_TARGET = 12.0;
				LD_RUNPATH_SEARCH_PATHS = (
					"$(inherited)",
					"@executable_path/Frameworks",
				);
				MARKETING_VERSION = 1.0;
				PRODUCT_BUNDLE_IDENTIFIER = HELO.HeloBleDemo;
				PRODUCT_NAME = "$(TARGET_NAME)";
				SWIFT_EMIT_LOC_STRINGS = YES;
				SWIFT_VERSION = 5.0;
				TARGETED_DEVICE_FAMILY = "1,2";
			};
			name = Release;
		};
/* End XCBuildConfiguration section */

/* Begin XCConfigurationList section */
		CCE4123E2BC510E60082F84F /* Build configuration list for PBXProject "HeloBleDemo" */ = {
			isa = XCConfigurationList;
			buildConfigurations = (
				CCE412552BC510EA0082F84F /* Debug */,
				CCE412562BC510EA0082F84F /* Release */,
			);
			defaultConfigurationIsVisible = 0;
			defaultConfigurationName = Release;
		};
		CCE412572BC510EA0082F84F /* Build configuration list for PBXNativeTarget "HeloBleDemo" */ = {
			isa = XCConfigurationList;
			buildConfigurations = (
				CCE412582BC510EA0082F84F /* Debug */,
				CCE412592BC510EA0082F84F /* Release */,
			);
			defaultConfigurationIsVisible = 0;
			defaultConfigurationName = Release;
		};
/* End XCConfigurationList section */
	};
	rootObject = CCE4123B2BC510E60082F84F /* Project object */;
}
